
Microsoft Visual Studio Solution File, Format Version 12.00
# Visual Studio 15
VisualStudioVersion = 15.0.26124.0
MinimumVisualStudioVersion = 15.0.26124.0
Project("{FAE04EC0-301F-11D3-BF4B-00C04F79EFBC}") = "vandelay.web", "vandelay.web\vandelay.web.csproj", "{FE6B91D2-2716-44F1-AE4A-C8B56061B227}"
EndProject
Project("{FAE04EC0-301F-11D3-BF4B-00C04F79EFBC}") = "vandelay.xunittests", "vandelay.xunittests\vandelay.xunittests.csproj", "{DEBFD9A1-1F38-4064-9A9B-A810534CAACE}"
EndProject
Global
	GlobalSection(SolutionConfigurationPlatforms) = preSolution
		Debug|Any CPU = Debug|Any CPU
		Debug|x64 = Debug|x64
		Debug|x86 = Debug|x86
		Release|Any CPU = Release|Any CPU
		Release|x64 = Release|x64
		Release|x86 = Release|x86
	EndGlobalSection
	GlobalSection(SolutionProperties) = preSolution
		HideSolutionNode = FALSE
	EndGlobalSection
	GlobalSection(ProjectConfigurationPlatforms) = postSolution
		{FE6B91D2-2716-44F1-AE4A-C8B56061B227}.Debug|Any CPU.ActiveCfg = Debug|Any CPU
		{FE6B91D2-2716-44F1-AE4A-C8B56061B227}.Debug|Any CPU.Build.0 = Debug|Any CPU
		{FE6B91D2-2716-44F1-AE4A-C8B56061B227}.Debug|x64.ActiveCfg = Debug|Any CPU
		{FE6B91D2-2716-44F1-AE4A-C8B56061B227}.Debug|x64.Build.0 = Debug|Any CPU
		{FE6B91D2-2716-44F1-AE4A-C8B56061B227}.Debug|x86.ActiveCfg = Debug|Any CPU
		{FE6B91D2-2716-44F1-AE4A-C8B56061B227}.Debug|x86.Build.0 = Debug|Any CPU
		{FE6B91D2-2716-44F1-AE4A-C8B56061B227}.Release|Any CPU.ActiveCfg = Release|Any CPU
		{FE6B91D2-2716-44F1-AE4A-C8B56061B227}.Release|Any CPU.Build.0 = Release|Any CPU
		{FE6B91D2-2716-44F1-AE4A-C8B56061B227}.Release|x64.ActiveCfg = Release|Any CPU
		{FE6B91D2-2716-44F1-AE4A-C8B56061B227}.Release|x64.Build.0 = Release|Any CPU
		{FE6B91D2-2716-44F1-AE4A-C8B56061B227}.Release|x86.ActiveCfg = Release|Any CPU
		{FE6B91D2-2716-44F1-AE4A-C8B56061B227}.Release|x86.Build.0 = Release|Any CPU
		{DEBFD9A1-1F38-4064-9A9B-A810534CAACE}.Debug|Any CPU.ActiveCfg = Debug|Any CPU
		{DEBFD9A1-1F38-4064-9A9B-A810534CAACE}.Debug|Any CPU.Build.0 = Debug|Any CPU
		{DEBFD9A1-1F38-4064-9A9B-A810534CAACE}.Debug|x64.ActiveCfg = Debug|Any CPU
		{DEBFD9A1-1F38-4064-9A9B-A810534CAACE}.Debug|x64.Build.0 = Debug|Any CPU
		{DEBFD9A1-1F38-4064-9A9B-A810534CAACE}.Debug|x86.ActiveCfg = Debug|Any CPU
		{DEBFD9A1-1F38-4064-9A9B-A810534CAACE}.Debug|x86.Build.0 = Debug|Any CPU
		{DEBFD9A1-1F38-4064-9A9B-A810534CAACE}.Release|Any CPU.ActiveCfg = Release|Any CPU
		{DEBFD9A1-1F38-4064-9A9B-A810534CAACE}.Release|Any CPU.Build.0 = Release|Any CPU
		{DEBFD9A1-1F38-4064-9A9B-A810534CAACE}.Release|x64.ActiveCfg = Release|Any CPU
		{DEBFD9A1-1F38-4064-9A9B-A810534CAACE}.Release|x64.Build.0 = Release|Any CPU
		{DEBFD9A1-1F38-4064-9A9B-A810534CAACE}.Release|x86.ActiveCfg = Release|Any CPU
		{DEBFD9A1-1F38-4064-9A9B-A810534CAACE}.Release|x86.Build.0 = Release|Any CPU
	EndGlobalSection
EndGlobal
